// !$*UTF8*$!
{
	archiveVersion = 1;
	classes = {
	};
	objectVersion = 56;
	objects = {

/* Begin PBXBuildFile section */
		6C0E65802D40F4FF007D38D3 /* CalendarView.swift in Sources */ = {isa = PBXBuildFile; fileRef = 6C0E657F2D40F4FF007D38D3 /* CalendarView.swift */; };
		6C1C51622C22D65800890A50 /* ios_final_project_nazlizamanianApp.swift in Sources */ = {isa = PBXBuildFile; fileRef = 6C1C51612C22D65800890A50 /* ios_final_project_nazlizamanianApp.swift */; };
		6C1C51642C22D65800890A50 /* ContentView.swift in Sources */ = {isa = PBXBuildFile; fileRef = 6C1C51632C22D65800890A50 /* ContentView.swift */; };
		6C1C51662C22D66000890A50 /* Assets.xcassets in Resources */ = {isa = PBXBuildFile; fileRef = 6C1C51652C22D66000890A50 /* Assets.xcassets */; };
		6C1C51692C22D66000890A50 /* Preview Assets.xcassets in Resources */ = {isa = PBXBuildFile; fileRef = 6C1C51682C22D66000890A50 /* Preview Assets.xcassets */; };
		6C1C51732C22D66100890A50 /* ios_final_project_nazlizamanianTests.swift in Sources */ = {isa = PBXBuildFile; fileRef = 6C1C51722C22D66100890A50 /* ios_final_project_nazlizamanianTests.swift */; };
		6C1C517D2C22D66100890A50 /* ios_final_project_nazlizamanianUITests.swift in Sources */ = {isa = PBXBuildFile; fileRef = 6C1C517C2C22D66100890A50 /* ios_final_project_nazlizamanianUITests.swift */; };
		6C1C517F2C22D66100890A50 /* ios_final_project_nazlizamanianUITestsLaunchTests.swift in Sources */ = {isa = PBXBuildFile; fileRef = 6C1C517E2C22D66100890A50 /* ios_final_project_nazlizamanianUITestsLaunchTests.swift */; };
		6C1C51D42C22E98000890A50 /* MealsModel.swift in Sources */ = {isa = PBXBuildFile; fileRef = 6C1C51D32C22E98000890A50 /* MealsModel.swift */; };
		6C1C51D92C22E9B200890A50 /* CardView.swift in Sources */ = {isa = PBXBuildFile; fileRef = 6C1C51D82C22E9B200890A50 /* CardView.swift */; };
		6C1C51DB2C22E9CF00890A50 /* FavourtiesView.swift in Sources */ = {isa = PBXBuildFile; fileRef = 6C1C51DA2C22E9CF00890A50 /* FavourtiesView.swift */; };
		6C43097B2C3019980020E103 /* RecipeModel.swift in Sources */ = {isa = PBXBuildFile; fileRef = 6C43097A2C3019980020E103 /* RecipeModel.swift */; };
		6CB11C142D5BA56F009CD2F8 /* DayView.swift in Sources */ = {isa = PBXBuildFile; fileRef = 6CB11C132D5BA56F009CD2F8 /* DayView.swift */; };
		6CF47CEC2D4E29EC006E7AF9 /* DetailsView.swift in Sources */ = {isa = PBXBuildFile; fileRef = 6CF47CEB2D4E29EC006E7AF9 /* DetailsView.swift */; };
		6CF47CEE2D4E3399006E7AF9 /* CardViewModel.swift in Sources */ = {isa = PBXBuildFile; fileRef = 6CF47CED2D4E3399006E7AF9 /* CardViewModel.swift */; };
		6CF47CF02D4E4054006E7AF9 /* ShoppingListViewModel.swift in Sources */ = {isa = PBXBuildFile; fileRef = 6CF47CEF2D4E4054006E7AF9 /* ShoppingListViewModel.swift */; };
/* End PBXBuildFile section */

/* Begin PBXContainerItemProxy section */
		6C1C516F2C22D66100890A50 /* PBXContainerItemProxy */ = {
			isa = PBXContainerItemProxy;
			containerPortal = 6C1C51562C22D65700890A50 /* Project object */;
			proxyType = 1;
			remoteGlobalIDString = 6C1C515D2C22D65800890A50;
			remoteInfo = "ios-final-project-nazlizamanian";
		};
		6C1C51792C22D66100890A50 /* PBXContainerItemProxy */ = {
			isa = PBXContainerItemProxy;
			containerPortal = 6C1C51562C22D65700890A50 /* Project object */;
			proxyType = 1;
			remoteGlobalIDString = 6C1C515D2C22D65800890A50;
			remoteInfo = "ios-final-project-nazlizamanian";
		};
/* End PBXContainerItemProxy section */

/* Begin PBXFileReference section */
		6C0E657F2D40F4FF007D38D3 /* CalendarView.swift */ = {isa = PBXFileReference; lastKnownFileType = sourcecode.swift; path = CalendarView.swift; sourceTree = "<group>"; };
		6C1C515E2C22D65800890A50 /* ios-final-project-nazlizamanian.app */ = {isa = PBXFileReference; explicitFileType = wrapper.application; includeInIndex = 0; path = "ios-final-project-nazlizamanian.app"; sourceTree = BUILT_PRODUCTS_DIR; };
		6C1C51612C22D65800890A50 /* ios_final_project_nazlizamanianApp.swift */ = {isa = PBXFileReference; lastKnownFileType = sourcecode.swift; path = ios_final_project_nazlizamanianApp.swift; sourceTree = "<group>"; };
		6C1C51632C22D65800890A50 /* ContentView.swift */ = {isa = PBXFileReference; lastKnownFileType = sourcecode.swift; path = ContentView.swift; sourceTree = "<group>"; };
		6C1C51652C22D66000890A50 /* Assets.xcassets */ = {isa = PBXFileReference; lastKnownFileType = folder.assetcatalog; path = Assets.xcassets; sourceTree = "<group>"; };
		6C1C51682C22D66000890A50 /* Preview Assets.xcassets */ = {isa = PBXFileReference; lastKnownFileType = folder.assetcatalog; path = "Preview Assets.xcassets"; sourceTree = "<group>"; };
		6C1C516E2C22D66100890A50 /* ios-final-project-nazlizamanianTests.xctest */ = {isa = PBXFileReference; explicitFileType = wrapper.cfbundle; includeInIndex = 0; path = "ios-final-project-nazlizamanianTests.xctest"; sourceTree = BUILT_PRODUCTS_DIR; };
		6C1C51722C22D66100890A50 /* ios_final_project_nazlizamanianTests.swift */ = {isa = PBXFileReference; lastKnownFileType = sourcecode.swift; path = ios_final_project_nazlizamanianTests.swift; sourceTree = "<group>"; };
		6C1C51782C22D66100890A50 /* ios-final-project-nazlizamanianUITests.xctest */ = {isa = PBXFileReference; explicitFileType = wrapper.cfbundle; includeInIndex = 0; path = "ios-final-project-nazlizamanianUITests.xctest"; sourceTree = BUILT_PRODUCTS_DIR; };
		6C1C517C2C22D66100890A50 /* ios_final_project_nazlizamanianUITests.swift */ = {isa = PBXFileReference; lastKnownFileType = sourcecode.swift; path = ios_final_project_nazlizamanianUITests.swift; sourceTree = "<group>"; };
		6C1C517E2C22D66100890A50 /* ios_final_project_nazlizamanianUITestsLaunchTests.swift */ = {isa = PBXFileReference; lastKnownFileType = sourcecode.swift; path = ios_final_project_nazlizamanianUITestsLaunchTests.swift; sourceTree = "<group>"; };
		6C1C51D32C22E98000890A50 /* MealsModel.swift */ = {isa = PBXFileReference; lastKnownFileType = sourcecode.swift; path = MealsModel.swift; sourceTree = "<group>"; };
		6C1C51D82C22E9B200890A50 /* CardView.swift */ = {isa = PBXFileReference; lastKnownFileType = sourcecode.swift; path = CardView.swift; sourceTree = "<group>"; };
		6C1C51DA2C22E9CF00890A50 /* FavourtiesView.swift */ = {isa = PBXFileReference; lastKnownFileType = sourcecode.swift; path = FavourtiesView.swift; sourceTree = "<group>"; };
		6C43097A2C3019980020E103 /* RecipeModel.swift */ = {isa = PBXFileReference; lastKnownFileType = sourcecode.swift; path = RecipeModel.swift; sourceTree = "<group>"; };
		6CB11C132D5BA56F009CD2F8 /* DayView.swift */ = {isa = PBXFileReference; lastKnownFileType = sourcecode.swift; path = DayView.swift; sourceTree = "<group>"; };
		6CF47CEB2D4E29EC006E7AF9 /* DetailsView.swift */ = {isa = PBXFileReference; lastKnownFileType = sourcecode.swift; path = DetailsView.swift; sourceTree = "<group>"; };
		6CF47CED2D4E3399006E7AF9 /* CardViewModel.swift */ = {isa = PBXFileReference; lastKnownFileType = sourcecode.swift; path = CardViewModel.swift; sourceTree = "<group>"; };
		6CF47CEF2D4E4054006E7AF9 /* ShoppingListViewModel.swift */ = {isa = PBXFileReference; lastKnownFileType = sourcecode.swift; path = ShoppingListViewModel.swift; sourceTree = "<group>"; };
/* End PBXFileReference section */

/* Begin PBXFrameworksBuildPhase section */
		6C1C515B2C22D65800890A50 /* Frameworks */ = {
			isa = PBXFrameworksBuildPhase;
			buildActionMask = 2147483647;
			files = (
			);
			runOnlyForDeploymentPostprocessing = 0;
		};
		6C1C516B2C22D66100890A50 /* Frameworks */ = {
			isa = PBXFrameworksBuildPhase;
			buildActionMask = 2147483647;
			files = (
			);
			runOnlyForDeploymentPostprocessing = 0;
		};
		6C1C51752C22D66100890A50 /* Frameworks */ = {
			isa = PBXFrameworksBuildPhase;
			buildActionMask = 2147483647;
			files = (
			);
			runOnlyForDeploymentPostprocessing = 0;
		};
/* End PBXFrameworksBuildPhase section */

/* Begin PBXGroup section */
		6C1C51552C22D65700890A50 = {
			isa = PBXGroup;
			children = (
				6C1C51602C22D65800890A50 /* ios-final-project-nazlizamanian */,
				6C1C51712C22D66100890A50 /* ios-final-project-nazlizamanianTests */,
				6C1C517B2C22D66100890A50 /* ios-final-project-nazlizamanianUITests */,
				6C1C515F2C22D65800890A50 /* Products */,
			);
			sourceTree = "<group>";
		};
		6C1C515F2C22D65800890A50 /* Products */ = {
			isa = PBXGroup;
			children = (
				6C1C515E2C22D65800890A50 /* ios-final-project-nazlizamanian.app */,
				6C1C516E2C22D66100890A50 /* ios-final-project-nazlizamanianTests.xctest */,
				6C1C51782C22D66100890A50 /* ios-final-project-nazlizamanianUITests.xctest */,
			);
			name = Products;
			sourceTree = "<group>";
		};
		6C1C51602C22D65800890A50 /* ios-final-project-nazlizamanian */ = {
			isa = PBXGroup;
			children = (
				6C1C51D52C22E98700890A50 /* Data */,
				6C43097C2C3019FF0020E103 /* ViewModel */,
				6C1C51D22C22E97000890A50 /* Model */,
				6C1C51D12C22E92900890A50 /* Views */,
				6C1C51612C22D65800890A50 /* ios_final_project_nazlizamanianApp.swift */,
				6C1C51632C22D65800890A50 /* ContentView.swift */,
				6C1C51652C22D66000890A50 /* Assets.xcassets */,
				6C1C51672C22D66000890A50 /* Preview Content */,
			);
			path = "ios-final-project-nazlizamanian";
			sourceTree = "<group>";
		};
		6C1C51672C22D66000890A50 /* Preview Content */ = {
			isa = PBXGroup;
			children = (
				6C1C51682C22D66000890A50 /* Preview Assets.xcassets */,
			);
			path = "Preview Content";
			sourceTree = "<group>";
		};
		6C1C51712C22D66100890A50 /* ios-final-project-nazlizamanianTests */ = {
			isa = PBXGroup;
			children = (
				6C1C51722C22D66100890A50 /* ios_final_project_nazlizamanianTests.swift */,
			);
			path = "ios-final-project-nazlizamanianTests";
			sourceTree = "<group>";
		};
		6C1C517B2C22D66100890A50 /* ios-final-project-nazlizamanianUITests */ = {
			isa = PBXGroup;
			children = (
				6C1C517C2C22D66100890A50 /* ios_final_project_nazlizamanianUITests.swift */,
				6C1C517E2C22D66100890A50 /* ios_final_project_nazlizamanianUITestsLaunchTests.swift */,
			);
			path = "ios-final-project-nazlizamanianUITests";
			sourceTree = "<group>";
		};
		6C1C51D12C22E92900890A50 /* Views */ = {
			isa = PBXGroup;
			children = (
				6CB11C132D5BA56F009CD2F8 /* DayView.swift */,
				6C1C51D82C22E9B200890A50 /* CardView.swift */,
				6C1C51DA2C22E9CF00890A50 /* FavourtiesView.swift */,
				6C0E657F2D40F4FF007D38D3 /* CalendarView.swift */,
				6CF47CEB2D4E29EC006E7AF9 /* DetailsView.swift */,
			);
			path = Views;
			sourceTree = "<group>";
		};
		6C1C51D22C22E97000890A50 /* Model */ = {
			isa = PBXGroup;
			children = (
				6C43097A2C3019980020E103 /* RecipeModel.swift */,
			);
			path = Model;
			sourceTree = "<group>";
		};
		6C1C51D52C22E98700890A50 /* Data */ = {
			isa = PBXGroup;
			children = (
			);
			path = Data;
			sourceTree = "<group>";
		};
		6C43097C2C3019FF0020E103 /* ViewModel */ = {
			isa = PBXGroup;
			children = (
				6C1C51D32C22E98000890A50 /* MealsModel.swift */,
				6CF47CED2D4E3399006E7AF9 /* CardViewModel.swift */,
				6CF47CEF2D4E4054006E7AF9 /* ShoppingListViewModel.swift */,
			);
			path = ViewModel;
			sourceTree = "<group>";
		};
/* End PBXGroup section */

/* Begin PBXNativeTarget section */
		6C1C515D2C22D65800890A50 /* ios-final-project-nazlizamanian */ = {
			isa = PBXNativeTarget;
			buildConfigurationList = 6C1C51822C22D66100890A50 /* Build configuration list for PBXNativeTarget "ios-final-project-nazlizamanian" */;
			buildPhases = (
				6C1C515A2C22D65800890A50 /* Sources */,
				6C1C515B2C22D65800890A50 /* Frameworks */,
				6C1C515C2C22D65800890A50 /* Resources */,
			);
			buildRules = (
			);
			dependencies = (
			);
			name = "ios-final-project-nazlizamanian";
			productName = "ios-final-project-nazlizamanian";
			productReference = 6C1C515E2C22D65800890A50 /* ios-final-project-nazlizamanian.app */;
			productType = "com.apple.product-type.application";
		};
		6C1C516D2C22D66100890A50 /* ios-final-project-nazlizamanianTests */ = {
			isa = PBXNativeTarget;
			buildConfigurationList = 6C1C51852C22D66100890A50 /* Build configuration list for PBXNativeTarget "ios-final-project-nazlizamanianTests" */;
			buildPhases = (
				6C1C516A2C22D66100890A50 /* Sources */,
				6C1C516B2C22D66100890A50 /* Frameworks */,
				6C1C516C2C22D66100890A50 /* Resources */,
			);
			buildRules = (
			);
			dependencies = (
				6C1C51702C22D66100890A50 /* PBXTargetDependency */,
			);
			name = "ios-final-project-nazlizamanianTests";
			productName = "ios-final-project-nazlizamanianTests";
			productReference = 6C1C516E2C22D66100890A50 /* ios-final-project-nazlizamanianTests.xctest */;
			productType = "com.apple.product-type.bundle.unit-test";
		};
		6C1C51772C22D66100890A50 /* ios-final-project-nazlizamanianUITests */ = {
			isa = PBXNativeTarget;
			buildConfigurationList = 6C1C51882C22D66100890A50 /* Build configuration list for PBXNativeTarget "ios-final-project-nazlizamanianUITests" */;
			buildPhases = (
				6C1C51742C22D66100890A50 /* Sources */,
				6C1C51752C22D66100890A50 /* Frameworks */,
				6C1C51762C22D66100890A50 /* Resources */,
			);
			buildRules = (
			);
			dependencies = (
				6C1C517A2C22D66100890A50 /* PBXTargetDependency */,
			);
			name = "ios-final-project-nazlizamanianUITests";
			productName = "ios-final-project-nazlizamanianUITests";
			productReference = 6C1C51782C22D66100890A50 /* ios-final-project-nazlizamanianUITests.xctest */;
			productType = "com.apple.product-type.bundle.ui-testing";
		};
/* End PBXNativeTarget section */

/* Begin PBXProject section */
		6C1C51562C22D65700890A50 /* Project object */ = {
			isa = PBXProject;
			attributes = {
				BuildIndependentTargetsInParallel = 1;
				LastSwiftUpdateCheck = 1540;
				LastUpgradeCheck = 1540;
				TargetAttributes = {
					6C1C515D2C22D65800890A50 = {
						CreatedOnToolsVersion = 15.4;
					};
					6C1C516D2C22D66100890A50 = {
						CreatedOnToolsVersion = 15.4;
						TestTargetID = 6C1C515D2C22D65800890A50;
					};
					6C1C51772C22D66100890A50 = {
						CreatedOnToolsVersion = 15.4;
						TestTargetID = 6C1C515D2C22D65800890A50;
					};
				};
			};
			buildConfigurationList = 6C1C51592C22D65700890A50 /* Build configuration list for PBXProject "ios-final-project-nazlizamanian" */;
			compatibilityVersion = "Xcode 14.0";
			developmentRegion = en;
			hasScannedForEncodings = 0;
			knownRegions = (
				en,
				Base,
			);
			mainGroup = 6C1C51552C22D65700890A50;
			productRefGroup = 6C1C515F2C22D65800890A50 /* Products */;
			projectDirPath = "";
			projectRoot = "";
			targets = (
				6C1C515D2C22D65800890A50 /* ios-final-project-nazlizamanian */,
				6C1C516D2C22D66100890A50 /* ios-final-project-nazlizamanianTests */,
				6C1C51772C22D66100890A50 /* ios-final-project-nazlizamanianUITests */,
			);
		};
/* End PBXProject section */

/* Begin PBXResourcesBuildPhase section */
		6C1C515C2C22D65800890A50 /* Resources */ = {
			isa = PBXResourcesBuildPhase;
			buildActionMask = 2147483647;
			files = (
				6C1C51692C22D66000890A50 /* Preview Assets.xcassets in Resources */,
				6C1C51662C22D66000890A50 /* Assets.xcassets in Resources */,
			);
			runOnlyForDeploymentPostprocessing = 0;
		};
		6C1C516C2C22D66100890A50 /* Resources */ = {
			isa = PBXResourcesBuildPhase;
			buildActionMask = 2147483647;
			files = (
			);
			runOnlyForDeploymentPostprocessing = 0;
		};
		6C1C51762C22D66100890A50 /* Resources */ = {
			isa = PBXResourcesBuildPhase;
			buildActionMask = 2147483647;
			files = (
			);
			runOnlyForDeploymentPostprocessing = 0;
		};
/* End PBXResourcesBuildPhase section */

/* Begin PBXSourcesBuildPhase section */
		6C1C515A2C22D65800890A50 /* Sources */ = {
			isa = PBXSourcesBuildPhase;
			buildActionMask = 2147483647;
			files = (
				6C1C51DB2C22E9CF00890A50 /* FavourtiesView.swift in Sources */,
				6CB11C142D5BA56F009CD2F8 /* DayView.swift in Sources */,
				6C0E65802D40F4FF007D38D3 /* CalendarView.swift in Sources */,
				6CF47CEC2D4E29EC006E7AF9 /* DetailsView.swift in Sources */,
				6C1C51D42C22E98000890A50 /* MealsModel.swift in Sources */,
				6CF47CF02D4E4054006E7AF9 /* ShoppingListViewModel.swift in Sources */,
				6C1C51642C22D65800890A50 /* ContentView.swift in Sources */,
				6C43097B2C3019980020E103 /* RecipeModel.swift in Sources */,
				6C1C51622C22D65800890A50 /* ios_final_project_nazlizamanianApp.swift in Sources */,
				6C1C51D92C22E9B200890A50 /* CardView.swift in Sources */,
				6CF47CEE2D4E3399006E7AF9 /* CardViewModel.swift in Sources */,
			);
			runOnlyForDeploymentPostprocessing = 0;
		};
		6C1C516A2C22D66100890A50 /* Sources */ = {
			isa = PBXSourcesBuildPhase;
			buildActionMask = 2147483647;
			files = (
				6C1C51732C22D66100890A50 /* ios_final_project_nazlizamanianTests.swift in Sources */,
			);
			runOnlyForDeploymentPostprocessing = 0;
		};
		6C1C51742C22D66100890A50 /* Sources */ = {
			isa = PBXSourcesBuildPhase;
			buildActionMask = 2147483647;
			files = (
				6C1C517D2C22D66100890A50 /* ios_final_project_nazlizamanianUITests.swift in Sources */,
				6C1C517F2C22D66100890A50 /* ios_final_project_nazlizamanianUITestsLaunchTests.swift in Sources */,
			);
			runOnlyForDeploymentPostprocessing = 0;
		};
/* End PBXSourcesBuildPhase section */

/* Begin PBXTargetDependency section */
		6C1C51702C22D66100890A50 /* PBXTargetDependency */ = {
			isa = PBXTargetDependency;
			target = 6C1C515D2C22D65800890A50 /* ios-final-project-nazlizamanian */;
			targetProxy = 6C1C516F2C22D66100890A50 /* PBXContainerItemProxy */;
		};
		6C1C517A2C22D66100890A50 /* PBXTargetDependency */ = {
			isa = PBXTargetDependency;
			target = 6C1C515D2C22D65800890A50 /* ios-final-project-nazlizamanian */;
			targetProxy = 6C1C51792C22D66100890A50 /* PBXContainerItemProxy */;
		};
/* End PBXTargetDependency section */

/* Begin XCBuildConfiguration section */
		6C1C51802C22D66100890A50 /* Debug */ = {
			isa = XCBuildConfiguration;
			buildSettings = {
				ALWAYS_SEARCH_USER_PATHS = NO;
				ASSETCATALOG_COMPILER_GENERATE_SWIFT_ASSET_SYMBOL_EXTENSIONS = YES;
				CLANG_ANALYZER_NONNULL = YES;
				CLANG_ANALYZER_NUMBER_OBJECT_CONVERSION = YES_AGGRESSIVE;
				CLANG_CXX_LANGUAGE_STANDARD = "gnu++20";
				CLANG_ENABLE_MODULES = YES;
				CLANG_ENABLE_OBJC_ARC = YES;
				CLANG_ENABLE_OBJC_WEAK = YES;
				CLANG_WARN_BLOCK_CAPTURE_AUTORELEASING = YES;
				CLANG_WARN_BOOL_CONVERSION = YES;
				CLANG_WARN_COMMA = YES;
				CLANG_WARN_CONSTANT_CONVERSION = YES;
				CLANG_WARN_DEPRECATED_OBJC_IMPLEMENTATIONS = YES;
				CLANG_WARN_DIRECT_OBJC_ISA_USAGE = YES_ERROR;
				CLANG_WARN_DOCUMENTATION_COMMENTS = YES;
				CLANG_WARN_EMPTY_BODY = YES;
				CLANG_WARN_ENUM_CONVERSION = YES;
				CLANG_WARN_INFINITE_RECURSION = YES;
				CLANG_WARN_INT_CONVERSION = YES;
				CLANG_WARN_NON_LITERAL_NULL_CONVERSION = YES;
				CLANG_WARN_OBJC_IMPLICIT_RETAIN_SELF = YES;
				CLANG_WARN_OBJC_LITERAL_CONVERSION = YES;
				CLANG_WARN_OBJC_ROOT_CLASS = YES_ERROR;
				CLANG_WARN_QUOTED_INCLUDE_IN_FRAMEWORK_HEADER = YES;
				CLANG_WARN_RANGE_LOOP_ANALYSIS = YES;
				CLANG_WARN_STRICT_PROTOTYPES = YES;
				CLANG_WARN_SUSPICIOUS_MOVE = YES;
				CLANG_WARN_UNGUARDED_AVAILABILITY = YES_AGGRESSIVE;
				CLANG_WARN_UNREACHABLE_CODE = YES;
				CLANG_WARN__DUPLICATE_METHOD_MATCH = YES;
				COPY_PHASE_STRIP = NO;
				DEBUG_INFORMATION_FORMAT = dwarf;
				ENABLE_STRICT_OBJC_MSGSEND = YES;
				ENABLE_TESTABILITY = YES;
				ENABLE_USER_SCRIPT_SANDBOXING = YES;
				GCC_C_LANGUAGE_STANDARD = gnu17;
				GCC_DYNAMIC_NO_PIC = NO;
				GCC_NO_COMMON_BLOCKS = YES;
				GCC_OPTIMIZATION_LEVEL = 0;
				GCC_PREPROCESSOR_DEFINITIONS = (
					"DEBUG=1",
					"$(inherited)",
				);
				GCC_WARN_64_TO_32_BIT_CONVERSION = YES;
				GCC_WARN_ABOUT_RETURN_TYPE = YES_ERROR;
				GCC_WARN_UNDECLARED_SELECTOR = YES;
				GCC_WARN_UNINITIALIZED_AUTOS = YES_AGGRESSIVE;
				GCC_WARN_UNUSED_FUNCTION = YES;
				GCC_WARN_UNUSED_VARIABLE = YES;
				IPHONEOS_DEPLOYMENT_TARGET = 17.5;
				LOCALIZATION_PREFERS_STRING_CATALOGS = YES;
				MTL_ENABLE_DEBUG_INFO = INCLUDE_SOURCE;
				MTL_FAST_MATH = YES;
				ONLY_ACTIVE_ARCH = YES;
				SDKROOT = iphoneos;
				SWIFT_ACTIVE_COMPILATION_CONDITIONS = "DEBUG $(inherited)";
				SWIFT_OPTIMIZATION_LEVEL = "-Onone";
			};
			name = Debug;
		};
		6C1C51812C22D66100890A50 /* Release */ = {
			isa = XCBuildConfiguration;
			buildSettings = {
				ALWAYS_SEARCH_USER_PATHS = NO;
				ASSETCATALOG_COMPILER_GENERATE_SWIFT_ASSET_SYMBOL_EXTENSIONS = YES;
				CLANG_ANALYZER_NONNULL = YES;
				CLANG_ANALYZER_NUMBER_OBJECT_CONVERSION = YES_AGGRESSIVE;
				CLANG_CXX_LANGUAGE_STANDARD = "gnu++20";
				CLANG_ENABLE_MODULES = YES;
				CLANG_ENABLE_OBJC_ARC = YES;
				CLANG_ENABLE_OBJC_WEAK = YES;
				CLANG_WARN_BLOCK_CAPTURE_AUTORELEASING = YES;
				CLANG_WARN_BOOL_CONVERSION = YES;
				CLANG_WARN_COMMA = YES;
				CLANG_WARN_CONSTANT_CONVERSION = YES;
				CLANG_WARN_DEPRECATED_OBJC_IMPLEMENTATIONS = YES;
				CLANG_WARN_DIRECT_OBJC_ISA_USAGE = YES_ERROR;
				CLANG_WARN_DOCUMENTATION_COMMENTS = YES;
				CLANG_WARN_EMPTY_BODY = YES;
				CLANG_WARN_ENUM_CONVERSION = YES;
				CLANG_WARN_INFINITE_RECURSION = YES;
				CLANG_WARN_INT_CONVERSION = YES;
				CLANG_WARN_NON_LITERAL_NULL_CONVERSION = YES;
				CLANG_WARN_OBJC_IMPLICIT_RETAIN_SELF = YES;
				CLANG_WARN_OBJC_LITERAL_CONVERSION = YES;
				CLANG_WARN_OBJC_ROOT_CLASS = YES_ERROR;
				CLANG_WARN_QUOTED_INCLUDE_IN_FRAMEWORK_HEADER = YES;
				CLANG_WARN_RANGE_LOOP_ANALYSIS = YES;
				CLANG_WARN_STRICT_PROTOTYPES = YES;
				CLANG_WARN_SUSPICIOUS_MOVE = YES;
				CLANG_WARN_UNGUARDED_AVAILABILITY = YES_AGGRESSIVE;
				CLANG_WARN_UNREACHABLE_CODE = YES;
				CLANG_WARN__DUPLICATE_METHOD_MATCH = YES;
				COPY_PHASE_STRIP = NO;
				DEBUG_INFORMATION_FORMAT = "dwarf-with-dsym";
				ENABLE_NS_ASSERTIONS = NO;
				ENABLE_STRICT_OBJC_MSGSEND = YES;
				ENABLE_USER_SCRIPT_SANDBOXING = YES;
				GCC_C_LANGUAGE_STANDARD = gnu17;
				GCC_NO_COMMON_BLOCKS = YES;
				GCC_WARN_64_TO_32_BIT_CONVERSION = YES;
				GCC_WARN_ABOUT_RETURN_TYPE = YES_ERROR;
				GCC_WARN_UNDECLARED_SELECTOR = YES;
				GCC_WARN_UNINITIALIZED_AUTOS = YES_AGGRESSIVE;
				GCC_WARN_UNUSED_FUNCTION = YES;
				GCC_WARN_UNUSED_VARIABLE = YES;
				IPHONEOS_DEPLOYMENT_TARGET = 17.5;
				LOCALIZATION_PREFERS_STRING_CATALOGS = YES;
				MTL_ENABLE_DEBUG_INFO = NO;
				MTL_FAST_MATH = YES;
				SDKROOT = iphoneos;
				SWIFT_COMPILATION_MODE = wholemodule;
				VALIDATE_PRODUCT = YES;
			};
			name = Release;
		};
		6C1C51832C22D66100890A50 /* Debug */ = {
			isa = XCBuildConfiguration;
			buildSettings = {
				ASSETCATALOG_COMPILER_APPICON_NAME = AppIcon;
				ASSETCATALOG_COMPILER_GLOBAL_ACCENT_COLOR_NAME = AccentColor;
				CODE_SIGN_STYLE = Automatic;
				CURRENT_PROJECT_VERSION = 1;
				DEVELOPMENT_ASSET_PATHS = "\"ios-final-project-nazlizamanian/Preview Content\"";
				DEVELOPMENT_TEAM = 5593C338PB;
				ENABLE_PREVIEWS = YES;
				GENERATE_INFOPLIST_FILE = YES;
				INFOPLIST_KEY_UIApplicationSceneManifest_Generation = YES;
				INFOPLIST_KEY_UIApplicationSupportsIndirectInputEvents = YES;
				INFOPLIST_KEY_UILaunchScreen_Generation = YES;
				INFOPLIST_KEY_UISupportedInterfaceOrientations_iPad = "UIInterfaceOrientationPortrait UIInterfaceOrientationPortraitUpsideDown UIInterfaceOrientationLandscapeLeft UIInterfaceOrientationLandscapeRight";
				INFOPLIST_KEY_UISupportedInterfaceOrientations_iPhone = "UIInterfaceOrientationPortrait UIInterfaceOrientationLandscapeLeft UIInterfaceOrientationLandscapeRight";
				LD_RUNPATH_SEARCH_PATHS = (
					"$(inherited)",
					"@executable_path/Frameworks",
				);
				MARKETING_VERSION = 1.0;
				PRODUCT_BUNDLE_IDENTIFIER = "doc.ios-final-project-nazlizamanian";
				PRODUCT_NAME = "$(TARGET_NAME)";
				SWIFT_EMIT_LOC_STRINGS = YES;
				SWIFT_VERSION = 5.0;
				TARGETED_DEVICE_FAMILY = "1,2";
			};
			name = Debug;
		};
		6C1C51842C22D66100890A50 /* Release */ = {
			isa = XCBuildConfiguration;
			buildSettings = {
				ASSETCATALOG_COMPILER_APPICON_NAME = AppIcon;
				ASSETCATALOG_COMPILER_GLOBAL_ACCENT_COLOR_NAME = AccentColor;
				CODE_SIGN_STYLE = Automatic;
				CURRENT_PROJECT_VERSION = 1;
				DEVELOPMENT_ASSET_PATHS = "\"ios-final-project-nazlizamanian/Preview Content\"";
				DEVELOPMENT_TEAM = 5593C338PB;
				ENABLE_PREVIEWS = YES;
				GENERATE_INFOPLIST_FILE = YES;
				INFOPLIST_KEY_UIApplicationSceneManifest_Generation = YES;
				INFOPLIST_KEY_UIApplicationSupportsIndirectInputEvents = YES;
				INFOPLIST_KEY_UILaunchScreen_Generation = YES;
				INFOPLIST_KEY_UISupportedInterfaceOrientations_iPad = "UIInterfaceOrientationPortrait UIInterfaceOrientationPortraitUpsideDown UIInterfaceOrientationLandscapeLeft UIInterfaceOrientationLandscapeRight";
				INFOPLIST_KEY_UISupportedInterfaceOrientations_iPhone = "UIInterfaceOrientationPortrait UIInterfaceOrientationLandscapeLeft UIInterfaceOrientationLandscapeRight";
				LD_RUNPATH_SEARCH_PATHS = (
					"$(inherited)",
					"@executable_path/Frameworks",
				);
				MARKETING_VERSION = 1.0;
				PRODUCT_BUNDLE_IDENTIFIER = "doc.ios-final-project-nazlizamanian";
				PRODUCT_NAME = "$(TARGET_NAME)";
				SWIFT_EMIT_LOC_STRINGS = YES;
				SWIFT_VERSION = 5.0;
				TARGETED_DEVICE_FAMILY = "1,2";
			};
			name = Release;
		};
		6C1C51862C22D66100890A50 /* Debug */ = {
			isa = XCBuildConfiguration;
			buildSettings = {
				ALWAYS_EMBED_SWIFT_STANDARD_LIBRARIES = YES;
				BUNDLE_LOADER = "$(TEST_HOST)";
				CODE_SIGN_STYLE = Automatic;
				CURRENT_PROJECT_VERSION = 1;
				DEVELOPMENT_TEAM = K82B6K44PG;
				GENERATE_INFOPLIST_FILE = YES;
				IPHONEOS_DEPLOYMENT_TARGET = 17.5;
				MARKETING_VERSION = 1.0;
				PRODUCT_BUNDLE_IDENTIFIER = "doc.ios-final-project-nazlizamanianTests";
				PRODUCT_NAME = "$(TARGET_NAME)";
				SWIFT_EMIT_LOC_STRINGS = NO;
				SWIFT_VERSION = 5.0;
				TARGETED_DEVICE_FAMILY = "1,2";
				TEST_HOST = "$(BUILT_PRODUCTS_DIR)/ios-final-project-nazlizamanian.app/$(BUNDLE_EXECUTABLE_FOLDER_PATH)/ios-final-project-nazlizamanian";
			};
			name = Debug;
		};
		6C1C51872C22D66100890A50 /* Release */ = {
			isa = XCBuildConfiguration;
			buildSettings = {
				ALWAYS_EMBED_SWIFT_STANDARD_LIBRARIES = YES;
				BUNDLE_LOADER = "$(TEST_HOST)";
				CODE_SIGN_STYLE = Automatic;
				CURRENT_PROJECT_VERSION = 1;
				DEVELOPMENT_TEAM = K82B6K44PG;
				GENERATE_INFOPLIST_FILE = YES;
				IPHONEOS_DEPLOYMENT_TARGET = 17.5;
				MARKETING_VERSION = 1.0;
				PRODUCT_BUNDLE_IDENTIFIER = "doc.ios-final-project-nazlizamanianTests";
				PRODUCT_NAME = "$(TARGET_NAME)";
				SWIFT_EMIT_LOC_STRINGS = NO;
				SWIFT_VERSION = 5.0;
				TARGETED_DEVICE_FAMILY = "1,2";
				TEST_HOST = "$(BUILT_PRODUCTS_DIR)/ios-final-project-nazlizamanian.app/$(BUNDLE_EXECUTABLE_FOLDER_PATH)/ios-final-project-nazlizamanian";
			};
			name = Release;
		};
		6C1C51892C22D66100890A50 /* Debug */ = {
			isa = XCBuildConfiguration;
			buildSettings = {
				ALWAYS_EMBED_SWIFT_STANDARD_LIBRARIES = YES;
				CODE_SIGN_STYLE = Automatic;
				CURRENT_PROJECT_VERSION = 1;
				DEVELOPMENT_TEAM = K82B6K44PG;
				GENERATE_INFOPLIST_FILE = YES;
				MARKETING_VERSION = 1.0;
				PRODUCT_BUNDLE_IDENTIFIER = "doc.ios-final-project-nazlizamanianUITests";
				PRODUCT_NAME = "$(TARGET_NAME)";
				SWIFT_EMIT_LOC_STRINGS = NO;
				SWIFT_VERSION = 5.0;
				TARGETED_DEVICE_FAMILY = "1,2";
				TEST_TARGET_NAME = "ios-final-project-nazlizamanian";
			};
			name = Debug;
		};
		6C1C518A2C22D66100890A50 /* Release */ = {
			isa = XCBuildConfiguration;
			buildSettings = {
				ALWAYS_EMBED_SWIFT_STANDARD_LIBRARIES = YES;
				CODE_SIGN_STYLE = Automatic;
				CURRENT_PROJECT_VERSION = 1;
				DEVELOPMENT_TEAM = K82B6K44PG;
				GENERATE_INFOPLIST_FILE = YES;
				MARKETING_VERSION = 1.0;
				PRODUCT_BUNDLE_IDENTIFIER = "doc.ios-final-project-nazlizamanianUITests";
				PRODUCT_NAME = "$(TARGET_NAME)";
				SWIFT_EMIT_LOC_STRINGS = NO;
				SWIFT_VERSION = 5.0;
				TARGETED_DEVICE_FAMILY = "1,2";
				TEST_TARGET_NAME = "ios-final-project-nazlizamanian";
			};
			name = Release;
		};
/* End XCBuildConfiguration section */

/* Begin XCConfigurationList section */
		6C1C51592C22D65700890A50 /* Build configuration list for PBXProject "ios-final-project-nazlizamanian" */ = {
			isa = XCConfigurationList;
			buildConfigurations = (
				6C1C51802C22D66100890A50 /* Debug */,
				6C1C51812C22D66100890A50 /* Release */,
			);
			defaultConfigurationIsVisible = 0;
			defaultConfigurationName = Release;
		};
		6C1C51822C22D66100890A50 /* Build configuration list for PBXNativeTarget "ios-final-project-nazlizamanian" */ = {
			isa = XCConfigurationList;
			buildConfigurations = (
				6C1C51832C22D66100890A50 /* Debug */,
				6C1C51842C22D66100890A50 /* Release */,
			);
			defaultConfigurationIsVisible = 0;
			defaultConfigurationName = Release;
		};
		6C1C51852C22D66100890A50 /* Build configuration list for PBXNativeTarget "ios-final-project-nazlizamanianTests" */ = {
			isa = XCConfigurationList;
			buildConfigurations = (
				6C1C51862C22D66100890A50 /* Debug */,
				6C1C51872C22D66100890A50 /* Release */,
			);
			defaultConfigurationIsVisible = 0;
			defaultConfigurationName = Release;
		};
		6C1C51882C22D66100890A50 /* Build configuration list for PBXNativeTarget "ios-final-project-nazlizamanianUITests" */ = {
			isa = XCConfigurationList;
			buildConfigurations = (
				6C1C51892C22D66100890A50 /* Debug */,
				6C1C518A2C22D66100890A50 /* Release */,
			);
			defaultConfigurationIsVisible = 0;
			defaultConfigurationName = Release;
		};
/* End XCConfigurationList section */
	};
	rootObject = 6C1C51562C22D65700890A50 /* Project object */;
}
